
Microsoft Visual Studio Solution File, Format Version 11.00
# Visual Studio 2010
Project("{E24C65DC-7377-472B-9ABA-BC803B73C61A}") = "Matrimonial", "D:\Works\SeenuCode-master\", "{5EBE61F2-1628-4842-A2AF-A2A29F237EEF}"
	ProjectSection(WebsiteProperties) = preProject
		TargetFrameworkMoniker = ".NETFramework,Version%3Dv4.0"
		Debug.AspNetCompiler.VirtualPath = "D:\Works\SeenuCode-master\"
		Debug.AspNetCompiler.PhysicalPath = "Desktop\Matrimonial\"
		Debug.AspNetCompiler.TargetPath = "PrecompiledWeb\Matrimonial\"
		Debug.AspNetCompiler.Updateable = "true"
		Debug.AspNetCompiler.ForceOverwrite = "true"
		Debug.AspNetCompiler.FixedNames = "false"
		Debug.AspNetCompiler.Debug = "True"
		Release.AspNetCompiler.VirtualPath = "/Matrimonial"
		Release.AspNetCompiler.PhysicalPath = "D:\Works\SeenuCode-master\"
		Release.AspNetCompiler.TargetPath = "PrecompiledWeb\Matrimonial\"
		Release.AspNetCompiler.Updateable = "true"
		Release.AspNetCompiler.ForceOverwrite = "true"
		Release.AspNetCompiler.FixedNames = "false"
		Release.AspNetCompiler.Debug = "False"
		VWDPort = "1612"
	EndProjectSection
EndProject
Global
	GlobalSection(SolutionConfigurationPlatforms) = preSolution
		Debug|Any CPU = Debug|Any CPU
	EndGlobalSection
	GlobalSection(ProjectConfigurationPlatforms) = postSolution
		{5EBE61F2-1628-4842-A2AF-A2A29F237EEF}.Debug|Any CPU.ActiveCfg = Debug|Any CPU
		{5EBE61F2-1628-4842-A2AF-A2A29F237EEF}.Debug|Any CPU.Build.0 = Debug|Any CPU
	EndGlobalSection
	GlobalSection(SolutionProperties) = preSolution
		HideSolutionNode = FALSE
	EndGlobalSection
EndGlobal
